
Microsoft Visual Studio Solution File, Format Version 12.00
# Visual Studio Version 16
VisualStudioVersion = 16.0.34031.81
MinimumVisualStudioVersion = 10.0.40219.1
Project("{FAE04EC0-301F-11D3-BF4B-00C04F79EFBC}") = "ClientManagement", "ClientManagement\ClientManagement.csproj", "{87A4D152-EB28-4031-9F4C-812A08A95AA4}"
EndProject
Global
	GlobalSection(SolutionConfigurationPlatforms) = preSolution
		Debug|Any CPU = Debug|Any CPU
		Release|Any CPU = Release|Any CPU
	EndGlobalSection
	GlobalSection(ProjectConfigurationPlatforms) = postSolution
		{87A4D152-EB28-4031-9F4C-812A08A95AA4}.Debug|Any CPU.ActiveCfg = Debug|Any CPU
		{87A4D152-EB28-4031-9F4C-812A08A95AA4}.Debug|Any CPU.Build.0 = Debug|Any CPU
		{87A4D152-EB28-4031-9F4C-812A08A95AA4}.Release|Any CPU.ActiveCfg = Release|Any CPU
		{87A4D152-EB28-4031-9F4C-812A08A95AA4}.Release|Any CPU.Build.0 = Release|Any CPU
	EndGlobalSection
	GlobalSection(SolutionProperties) = preSolution
		HideSolutionNode = FALSE
	EndGlobalSection
	GlobalSection(ExtensibilityGlobals) = postSolution
		SolutionGuid = {9AB8917A-A1AD-446C-9BB3-88D46C760731}
	EndGlobalSection
EndGlobal
